
Microsoft Visual Studio Solution File, Format Version 12.00
# Visual Studio Version 16
VisualStudioVersion = 16.0.29001.49
MinimumVisualStudioVersion = 10.0.40219.1
Project("{FAE04EC0-301F-11D3-BF4B-00C04F79EFBC}") = "moving picture", "moving picture\moving picture.csproj", "{2D66B1D2-39B8-46E5-915E-93A6500492D0}"
EndProject
Global
	GlobalSection(SolutionConfigurationPlatforms) = preSolution
		Debug|Any CPU = Debug|Any CPU
		Release|Any CPU = Release|Any CPU
	EndGlobalSection
	GlobalSection(ProjectConfigurationPlatforms) = postSolution
		{2D66B1D2-39B8-46E5-915E-93A6500492D0}.Debug|Any CPU.ActiveCfg = Debug|Any CPU
		{2D66B1D2-39B8-46E5-915E-93A6500492D0}.Debug|Any CPU.Build.0 = Debug|Any CPU
		{2D66B1D2-39B8-46E5-915E-93A6500492D0}.Release|Any CPU.ActiveCfg = Release|Any CPU
		{2D66B1D2-39B8-46E5-915E-93A6500492D0}.Release|Any CPU.Build.0 = Release|Any CPU
	EndGlobalSection
	GlobalSection(SolutionProperties) = preSolution
		HideSolutionNode = FALSE
	EndGlobalSection
	GlobalSection(ExtensibilityGlobals) = postSolution
		SolutionGuid = {C8ACB859-D921-4AC7-97B0-749C3340EE13}
	EndGlobalSection
EndGlobal
